
Microsoft Visual Studio Solution File, Format Version 12.00
# Visual Studio Version 17
VisualStudioVersion = 17.6.33829.357
MinimumVisualStudioVersion = 10.0.40219.1
Project("{FAE04EC0-301F-11D3-BF4B-00C04F79EFBC}") = "HomeWork5", "HomeWork5\HomeWork5.csproj", "{F21A0B75-5706-4CAA-9906-271197BCAA98}"
EndProject
Global
	GlobalSection(SolutionConfigurationPlatforms) = preSolution
		Debug|Any CPU = Debug|Any CPU
		Release|Any CPU = Release|Any CPU
	EndGlobalSection
	GlobalSection(ProjectConfigurationPlatforms) = postSolution
		{F21A0B75-5706-4CAA-9906-271197BCAA98}.Debug|Any CPU.ActiveCfg = Debug|Any CPU
		{F21A0B75-5706-4CAA-9906-271197BCAA98}.Debug|Any CPU.Build.0 = Debug|Any CPU
		{F21A0B75-5706-4CAA-9906-271197BCAA98}.Release|Any CPU.ActiveCfg = Release|Any CPU
		{F21A0B75-5706-4CAA-9906-271197BCAA98}.Release|Any CPU.Build.0 = Release|Any CPU
	EndGlobalSection
	GlobalSection(SolutionProperties) = preSolution
		HideSolutionNode = FALSE
	EndGlobalSection
	GlobalSection(ExtensibilityGlobals) = postSolution
		SolutionGuid = {81B625B2-3C0E-488C-A1E1-298787E17AB6}
	EndGlobalSection
EndGlobal
